<Solution>
  <Folder Name="/src/">
    <Project Path="src/WB.Logging.LogSinks.Console.Spectre.csproj" />
  </Folder>
  <Folder Name="/tests/" />
  <Folder Name="/tests/ExtensionsTests/" />
  <Folder Name="/tests/ExtensionsTests/src/">
    <Project Path="tests/ExtensionsTests/src/ExtensionsTests.csproj" />
  </Folder>
  <Folder Name="/tests/SpectreConsoleLogMessageWriterTests/" />
  <Folder Name="/tests/SpectreConsoleLogMessageWriterTests/src/">
    <Project Path="tests/SpectreConsoleLogMessageWriterTests/src/SpectreConsoleLogMessageWriterTests.csproj" />
  </Folder>
  <Folder Name="/tests/WidgetTests/" />
  <Folder Name="/tests/WidgetTests/src/">
    <Project Path="tests/WidgetTests/src/WidgetTests.csproj" />
  </Folder>
</Solution>
